
Microsoft Visual Studio Solution File, Format Version 12.00
# Visual Studio Version 17
VisualStudioVersion = 17.0.31919.166
MinimumVisualStudioVersion = 10.0.40219.1
Project("{FAE04EC0-301F-11D3-BF4B-00C04F79EFBC}") = "console 7.2", "console 7.2\console 7.2.csproj", "{AF873531-6C68-451D-BB3D-789458C465A8}"
EndProject
Global
	GlobalSection(SolutionConfigurationPlatforms) = preSolution
		Debug|Any CPU = Debug|Any CPU
		Release|Any CPU = Release|Any CPU
	EndGlobalSection
	GlobalSection(ProjectConfigurationPlatforms) = postSolution
		{AF873531-6C68-451D-BB3D-789458C465A8}.Debug|Any CPU.ActiveCfg = Debug|Any CPU
		{AF873531-6C68-451D-BB3D-789458C465A8}.Debug|Any CPU.Build.0 = Debug|Any CPU
		{AF873531-6C68-451D-BB3D-789458C465A8}.Release|Any CPU.ActiveCfg = Release|Any CPU
		{AF873531-6C68-451D-BB3D-789458C465A8}.Release|Any CPU.Build.0 = Release|Any CPU
	EndGlobalSection
	GlobalSection(SolutionProperties) = preSolution
		HideSolutionNode = FALSE
	EndGlobalSection
	GlobalSection(ExtensibilityGlobals) = postSolution
		SolutionGuid = {C2CC1EA5-AE28-4D7D-B1F7-C3B644B0BED6}
	EndGlobalSection
EndGlobal
