
Microsoft Visual Studio Solution File, Format Version 12.00
# Visual Studio Version 17
VisualStudioVersion = 17.0.31919.166
MinimumVisualStudioVersion = 10.0.40219.1
Project("{FAE04EC0-301F-11D3-BF4B-00C04F79EFBC}") = "zadanie 1.2", "zadanie 1.2\zadanie 1.2.csproj", "{C3A86337-D712-43EA-A560-048F4C910139}"
EndProject
Global
	GlobalSection(SolutionConfigurationPlatforms) = preSolution
		Debug|Any CPU = Debug|Any CPU
		Release|Any CPU = Release|Any CPU
	EndGlobalSection
	GlobalSection(ProjectConfigurationPlatforms) = postSolution
		{C3A86337-D712-43EA-A560-048F4C910139}.Debug|Any CPU.ActiveCfg = Debug|Any CPU
		{C3A86337-D712-43EA-A560-048F4C910139}.Debug|Any CPU.Build.0 = Debug|Any CPU
		{C3A86337-D712-43EA-A560-048F4C910139}.Release|Any CPU.ActiveCfg = Release|Any CPU
		{C3A86337-D712-43EA-A560-048F4C910139}.Release|Any CPU.Build.0 = Release|Any CPU
	EndGlobalSection
	GlobalSection(SolutionProperties) = preSolution
		HideSolutionNode = FALSE
	EndGlobalSection
	GlobalSection(ExtensibilityGlobals) = postSolution
		SolutionGuid = {856451C1-7140-41D5-9718-72AF7C588213}
	EndGlobalSection
EndGlobal
