
Microsoft Visual Studio Solution File, Format Version 12.00
# Visual Studio Version 17
VisualStudioVersion = 17.0.31919.166
MinimumVisualStudioVersion = 10.0.40219.1
Project("{FAE04EC0-301F-11D3-BF4B-00C04F79EFBC}") = "WpfApp2", "WpfApp2\WpfApp2.csproj", "{EC2A7342-766B-42D8-8718-A58E2F4D7EB3}"
EndProject
Global
	GlobalSection(SolutionConfigurationPlatforms) = preSolution
		Debug|Any CPU = Debug|Any CPU
		Release|Any CPU = Release|Any CPU
	EndGlobalSection
	GlobalSection(ProjectConfigurationPlatforms) = postSolution
		{EC2A7342-766B-42D8-8718-A58E2F4D7EB3}.Debug|Any CPU.ActiveCfg = Debug|Any CPU
		{EC2A7342-766B-42D8-8718-A58E2F4D7EB3}.Debug|Any CPU.Build.0 = Debug|Any CPU
		{EC2A7342-766B-42D8-8718-A58E2F4D7EB3}.Release|Any CPU.ActiveCfg = Release|Any CPU
		{EC2A7342-766B-42D8-8718-A58E2F4D7EB3}.Release|Any CPU.Build.0 = Release|Any CPU
	EndGlobalSection
	GlobalSection(SolutionProperties) = preSolution
		HideSolutionNode = FALSE
	EndGlobalSection
	GlobalSection(ExtensibilityGlobals) = postSolution
		SolutionGuid = {27E5E9F5-8F06-4D47-97F4-28159DC1F8E9}
	EndGlobalSection
EndGlobal
