
Microsoft Visual Studio Solution File, Format Version 12.00
# Visual Studio Version 17
VisualStudioVersion = 17.0.31919.166
MinimumVisualStudioVersion = 10.0.40219.1
Project("{FAE04EC0-301F-11D3-BF4B-00C04F79EFBC}") = "graph 6.1", "graph 6.1\graph 6.1.csproj", "{22472B30-234D-44A9-9FCD-0465F8A1CC03}"
EndProject
Global
	GlobalSection(SolutionConfigurationPlatforms) = preSolution
		Debug|Any CPU = Debug|Any CPU
		Release|Any CPU = Release|Any CPU
	EndGlobalSection
	GlobalSection(ProjectConfigurationPlatforms) = postSolution
		{22472B30-234D-44A9-9FCD-0465F8A1CC03}.Debug|Any CPU.ActiveCfg = Debug|Any CPU
		{22472B30-234D-44A9-9FCD-0465F8A1CC03}.Debug|Any CPU.Build.0 = Debug|Any CPU
		{22472B30-234D-44A9-9FCD-0465F8A1CC03}.Release|Any CPU.ActiveCfg = Release|Any CPU
		{22472B30-234D-44A9-9FCD-0465F8A1CC03}.Release|Any CPU.Build.0 = Release|Any CPU
	EndGlobalSection
	GlobalSection(SolutionProperties) = preSolution
		HideSolutionNode = FALSE
	EndGlobalSection
	GlobalSection(ExtensibilityGlobals) = postSolution
		SolutionGuid = {A48AFFB3-A0E0-450F-B4D1-E3D0D1B710EC}
	EndGlobalSection
EndGlobal
