
Microsoft Visual Studio Solution File, Format Version 12.00
# Visual Studio Version 17
VisualStudioVersion = 17.0.31919.166
MinimumVisualStudioVersion = 10.0.40219.1
Project("{FAE04EC0-301F-11D3-BF4B-00C04F79EFBC}") = "ConsoleApp2", "ConsoleApp2\ConsoleApp2.csproj", "{949B3923-51AF-4534-9F4E-4C8C3B74138C}"
EndProject
Global
	GlobalSection(SolutionConfigurationPlatforms) = preSolution
		Debug|Any CPU = Debug|Any CPU
		Release|Any CPU = Release|Any CPU
	EndGlobalSection
	GlobalSection(ProjectConfigurationPlatforms) = postSolution
		{949B3923-51AF-4534-9F4E-4C8C3B74138C}.Debug|Any CPU.ActiveCfg = Debug|Any CPU
		{949B3923-51AF-4534-9F4E-4C8C3B74138C}.Debug|Any CPU.Build.0 = Debug|Any CPU
		{949B3923-51AF-4534-9F4E-4C8C3B74138C}.Release|Any CPU.ActiveCfg = Release|Any CPU
		{949B3923-51AF-4534-9F4E-4C8C3B74138C}.Release|Any CPU.Build.0 = Release|Any CPU
	EndGlobalSection
	GlobalSection(SolutionProperties) = preSolution
		HideSolutionNode = FALSE
	EndGlobalSection
	GlobalSection(ExtensibilityGlobals) = postSolution
		SolutionGuid = {1A8D159E-D4DF-45D6-B863-63652811C9E3}
	EndGlobalSection
EndGlobal
