
Microsoft Visual Studio Solution File, Format Version 12.00
# Visual Studio Version 17
VisualStudioVersion = 17.0.31919.166
MinimumVisualStudioVersion = 10.0.40219.1
Project("{FAE04EC0-301F-11D3-BF4B-00C04F79EFBC}") = "graph 6,2", "graph 6,2\graph 6,2.csproj", "{D6AA4052-8053-4C91-80C9-A7C78C4B2C59}"
EndProject
Global
	GlobalSection(SolutionConfigurationPlatforms) = preSolution
		Debug|Any CPU = Debug|Any CPU
		Release|Any CPU = Release|Any CPU
	EndGlobalSection
	GlobalSection(ProjectConfigurationPlatforms) = postSolution
		{D6AA4052-8053-4C91-80C9-A7C78C4B2C59}.Debug|Any CPU.ActiveCfg = Debug|Any CPU
		{D6AA4052-8053-4C91-80C9-A7C78C4B2C59}.Debug|Any CPU.Build.0 = Debug|Any CPU
		{D6AA4052-8053-4C91-80C9-A7C78C4B2C59}.Release|Any CPU.ActiveCfg = Release|Any CPU
		{D6AA4052-8053-4C91-80C9-A7C78C4B2C59}.Release|Any CPU.Build.0 = Release|Any CPU
	EndGlobalSection
	GlobalSection(SolutionProperties) = preSolution
		HideSolutionNode = FALSE
	EndGlobalSection
	GlobalSection(ExtensibilityGlobals) = postSolution
		SolutionGuid = {AC5DE04B-57C8-4BB0-9E42-13AFFE46DEEE}
	EndGlobalSection
EndGlobal
