
Microsoft Visual Studio Solution File, Format Version 12.00
# Visual Studio Version 17
VisualStudioVersion = 17.0.31919.166
MinimumVisualStudioVersion = 10.0.40219.1
Project("{FAE04EC0-301F-11D3-BF4B-00C04F79EFBC}") = "zadanie 2.3.2", "zadanie 2.3.2\zadanie 2.3.2.csproj", "{A1E1302C-7C46-4C35-BF6C-A1B9DE0A7AC7}"
EndProject
Global
	GlobalSection(SolutionConfigurationPlatforms) = preSolution
		Debug|Any CPU = Debug|Any CPU
		Release|Any CPU = Release|Any CPU
	EndGlobalSection
	GlobalSection(ProjectConfigurationPlatforms) = postSolution
		{A1E1302C-7C46-4C35-BF6C-A1B9DE0A7AC7}.Debug|Any CPU.ActiveCfg = Debug|Any CPU
		{A1E1302C-7C46-4C35-BF6C-A1B9DE0A7AC7}.Debug|Any CPU.Build.0 = Debug|Any CPU
		{A1E1302C-7C46-4C35-BF6C-A1B9DE0A7AC7}.Release|Any CPU.ActiveCfg = Release|Any CPU
		{A1E1302C-7C46-4C35-BF6C-A1B9DE0A7AC7}.Release|Any CPU.Build.0 = Release|Any CPU
	EndGlobalSection
	GlobalSection(SolutionProperties) = preSolution
		HideSolutionNode = FALSE
	EndGlobalSection
	GlobalSection(ExtensibilityGlobals) = postSolution
		SolutionGuid = {3F8278D7-6206-4A93-847C-01ED1EB50023}
	EndGlobalSection
EndGlobal
