
Microsoft Visual Studio Solution File, Format Version 12.00
# Visual Studio Version 17
VisualStudioVersion = 17.0.31919.166
MinimumVisualStudioVersion = 10.0.40219.1
Project("{FAE04EC0-301F-11D3-BF4B-00C04F79EFBC}") = "graph 8", "graph 8\graph 8.csproj", "{D775FB68-8CB3-4F9B-8AE5-27F8A9C4451F}"
EndProject
Global
	GlobalSection(SolutionConfigurationPlatforms) = preSolution
		Debug|Any CPU = Debug|Any CPU
		Release|Any CPU = Release|Any CPU
	EndGlobalSection
	GlobalSection(ProjectConfigurationPlatforms) = postSolution
		{D775FB68-8CB3-4F9B-8AE5-27F8A9C4451F}.Debug|Any CPU.ActiveCfg = Debug|Any CPU
		{D775FB68-8CB3-4F9B-8AE5-27F8A9C4451F}.Debug|Any CPU.Build.0 = Debug|Any CPU
		{D775FB68-8CB3-4F9B-8AE5-27F8A9C4451F}.Release|Any CPU.ActiveCfg = Release|Any CPU
		{D775FB68-8CB3-4F9B-8AE5-27F8A9C4451F}.Release|Any CPU.Build.0 = Release|Any CPU
	EndGlobalSection
	GlobalSection(SolutionProperties) = preSolution
		HideSolutionNode = FALSE
	EndGlobalSection
	GlobalSection(ExtensibilityGlobals) = postSolution
		SolutionGuid = {4398A15C-9890-46DD-8368-F9B02F912D4E}
	EndGlobalSection
EndGlobal
